
Microsoft Visual Studio Solution File, Format Version 12.00
# Visual Studio 15
VisualStudioVersion = 15.0.27130.2010
MinimumVisualStudioVersion = 10.0.40219.1
Project("{FAE04EC0-301F-11D3-BF4B-00C04F79EFBC}") = "旗標演算法", "旗標演算法\旗標演算法.csproj", "{EC08FB78-159F-4629-A37F-B22DA83F4739}"
EndProject
Global
	GlobalSection(SolutionConfigurationPlatforms) = preSolution
		Debug|Any CPU = Debug|Any CPU
		Release|Any CPU = Release|Any CPU
	EndGlobalSection
	GlobalSection(ProjectConfigurationPlatforms) = postSolution
		{EC08FB78-159F-4629-A37F-B22DA83F4739}.Debug|Any CPU.ActiveCfg = Debug|Any CPU
		{EC08FB78-159F-4629-A37F-B22DA83F4739}.Debug|Any CPU.Build.0 = Debug|Any CPU
		{EC08FB78-159F-4629-A37F-B22DA83F4739}.Release|Any CPU.ActiveCfg = Release|Any CPU
		{EC08FB78-159F-4629-A37F-B22DA83F4739}.Release|Any CPU.Build.0 = Release|Any CPU
	EndGlobalSection
	GlobalSection(SolutionProperties) = preSolution
		HideSolutionNode = FALSE
	EndGlobalSection
	GlobalSection(ExtensibilityGlobals) = postSolution
		SolutionGuid = {383B2C4B-8700-4C91-A0CD-95E79D251424}
	EndGlobalSection
EndGlobal
